// !$*UTF8*$!
{
	archiveVersion = 1;
	classes = {
	};
	objectVersion = 46;
	objects = {

/* Begin PBXBuildFile section */
		4A223A541C687E8D007E9F7D /* CameraUtil.swift in Sources */ = {isa = PBXBuildFile; fileRef = 4A223A531C687E8D007E9F7D /* CameraUtil.swift */; settings = {ASSET_TAGS = (); }; };
		4A223A561C687F98007E9F7D /* haarcascade_frontalface_alt.xml in Resources */ = {isa = PBXBuildFile; fileRef = 4A223A551C687F98007E9F7D /* haarcascade_frontalface_alt.xml */; settings = {ASSET_TAGS = (); }; };
		4A223A591C6880AA007E9F7D /* Detector.mm in Sources */ = {isa = PBXBuildFile; fileRef = 4A223A581C6880AA007E9F7D /* Detector.mm */; settings = {ASSET_TAGS = (); }; };
		4A223A5B1C688250007E9F7D /* opencv_test.xcworkspace in Resources */ = {isa = PBXBuildFile; fileRef = 4A223A5A1C688250007E9F7D /* opencv_test.xcworkspace */; settings = {ASSET_TAGS = (); }; };
		4A6497951C68759D000173BC /* AppDelegate.swift in Sources */ = {isa = PBXBuildFile; fileRef = 4A6497941C68759D000173BC /* AppDelegate.swift */; };
		4A6497971C68759D000173BC /* ViewController.swift in Sources */ = {isa = PBXBuildFile; fileRef = 4A6497961C68759D000173BC /* ViewController.swift */; };
		4A64979A1C68759D000173BC /* Main.storyboard in Resources */ = {isa = PBXBuildFile; fileRef = 4A6497981C68759D000173BC /* Main.storyboard */; };
		4A64979C1C68759D000173BC /* Assets.xcassets in Resources */ = {isa = PBXBuildFile; fileRef = 4A64979B1C68759D000173BC /* Assets.xcassets */; };
		4A64979F1C68759D000173BC /* LaunchScreen.storyboard in Resources */ = {isa = PBXBuildFile; fileRef = 4A64979D1C68759D000173BC /* LaunchScreen.storyboard */; };
		4A6497AA1C68759E000173BC /* opencv_testTests.swift in Sources */ = {isa = PBXBuildFile; fileRef = 4A6497A91C68759E000173BC /* opencv_testTests.swift */; };
		4A6497B51C68759E000173BC /* opencv_testUITests.swift in Sources */ = {isa = PBXBuildFile; fileRef = 4A6497B41C68759E000173BC /* opencv_testUITests.swift */; };
		DAA19DC0351F73362E48C2A1 /* libPods.a in Frameworks */ = {isa = PBXBuildFile; fileRef = 25A2CB2B871001FCC2A6A0ED /* libPods.a */; };
/* End PBXBuildFile section */

/* Begin PBXContainerItemProxy section */
		4A223A601C6883A4007E9F7D /* PBXContainerItemProxy */ = {
			isa = PBXContainerItemProxy;
			containerPortal = 4A223A5C1C6883A3007E9F7D /* Pods.xcodeproj */;
			proxyType = 2;
			remoteGlobalIDString = BFDCEDF11CC5329E8A2F6885DA7FBE21;
			remoteInfo = Pods;
		};
		4A6497A61C68759E000173BC /* PBXContainerItemProxy */ = {
			isa = PBXContainerItemProxy;
			containerPortal = 4A6497891C68759D000173BC /* Project object */;
			proxyType = 1;
			remoteGlobalIDString = 4A6497901C68759D000173BC;
			remoteInfo = opencv_test;
		};
		4A6497B11C68759E000173BC /* PBXContainerItemProxy */ = {
			isa = PBXContainerItemProxy;
			containerPortal = 4A6497891C68759D000173BC /* Project object */;
			proxyType = 1;
			remoteGlobalIDString = 4A6497901C68759D000173BC;
			remoteInfo = opencv_test;
		};
/* End PBXContainerItemProxy section */

/* Begin PBXFileReference section */
		25A2CB2B871001FCC2A6A0ED /* libPods.a */ = {isa = PBXFileReference; explicitFileType = archive.ar; includeInIndex = 0; path = libPods.a; sourceTree = BUILT_PRODUCTS_DIR; };
		4A223A531C687E8D007E9F7D /* CameraUtil.swift */ = {isa = PBXFileReference; fileEncoding = 4; lastKnownFileType = sourcecode.swift; path = CameraUtil.swift; sourceTree = "<group>"; };
		4A223A551C687F98007E9F7D /* haarcascade_frontalface_alt.xml */ = {isa = PBXFileReference; fileEncoding = 4; lastKnownFileType = text.xml; path = haarcascade_frontalface_alt.xml; sourceTree = "<group>"; };
		4A223A571C6880AA007E9F7D /* opencv_test-Bridging-Header.h */ = {isa = PBXFileReference; lastKnownFileType = sourcecode.c.h; path = "opencv_test-Bridging-Header.h"; sourceTree = "<group>"; };
		4A223A581C6880AA007E9F7D /* Detector.mm */ = {isa = PBXFileReference; fileEncoding = 4; lastKnownFileType = sourcecode.cpp.objcpp; path = Detector.mm; sourceTree = "<group>"; };
		4A223A5A1C688250007E9F7D /* opencv_test.xcworkspace */ = {isa = PBXFileReference; lastKnownFileType = wrapper.workspace; path = opencv_test.xcworkspace; sourceTree = "<group>"; };
		4A223A5C1C6883A3007E9F7D /* Pods.xcodeproj */ = {isa = PBXFileReference; lastKnownFileType = "wrapper.pb-project"; name = Pods.xcodeproj; path = Pods/Pods.xcodeproj; sourceTree = "<group>"; };
		4A6497911C68759D000173BC /* opencv_test.app */ = {isa = PBXFileReference; explicitFileType = wrapper.application; includeInIndex = 0; path = opencv_test.app; sourceTree = BUILT_PRODUCTS_DIR; };
		4A6497941C68759D000173BC /* AppDelegate.swift */ = {isa = PBXFileReference; lastKnownFileType = sourcecode.swift; path = AppDelegate.swift; sourceTree = "<group>"; };
		4A6497961C68759D000173BC /* ViewController.swift */ = {isa = PBXFileReference; lastKnownFileType = sourcecode.swift; path = ViewController.swift; sourceTree = "<group>"; };
		4A6497991C68759D000173BC /* Base */ = {isa = PBXFileReference; lastKnownFileType = file.storyboard; name = Base; path = Base.lproj/Main.storyboard; sourceTree = "<group>"; };
		4A64979B1C68759D000173BC /* Assets.xcassets */ = {isa = PBXFileReference; lastKnownFileType = folder.assetcatalog; path = Assets.xcassets; sourceTree = "<group>"; };
		4A64979E1C68759D000173BC /* Base */ = {isa = PBXFileReference; lastKnownFileType = file.storyboard; name = Base; path = Base.lproj/LaunchScreen.storyboard; sourceTree = "<group>"; };
		4A6497A01C68759D000173BC /* Info.plist */ = {isa = PBXFileReference; lastKnownFileType = text.plist.xml; path = Info.plist; sourceTree = "<group>"; };
		4A6497A51C68759E000173BC /* opencv_testTests.xctest */ = {isa = PBXFileReference; explicitFileType = wrapper.cfbundle; includeInIndex = 0; path = opencv_testTests.xctest; sourceTree = BUILT_PRODUCTS_DIR; };
		4A6497A91C68759E000173BC /* opencv_testTests.swift */ = {isa = PBXFileReference; lastKnownFileType = sourcecode.swift; path = opencv_testTests.swift; sourceTree = "<group>"; };
		4A6497AB1C68759E000173BC /* Info.plist */ = {isa = PBXFileReference; lastKnownFileType = text.plist.xml; path = Info.plist; sourceTree = "<group>"; };
		4A6497B01C68759E000173BC /* opencv_testUITests.xctest */ = {isa = PBXFileReference; explicitFileType = wrapper.cfbundle; includeInIndex = 0; path = opencv_testUITests.xctest; sourceTree = BUILT_PRODUCTS_DIR; };
		4A6497B41C68759E000173BC /* opencv_testUITests.swift */ = {isa = PBXFileReference; lastKnownFileType = sourcecode.swift; path = opencv_testUITests.swift; sourceTree = "<group>"; };
		4A6497B61C68759E000173BC /* Info.plist */ = {isa = PBXFileReference; lastKnownFileType = text.plist.xml; path = Info.plist; sourceTree = "<group>"; };
		84916A9759B217CDA3F64BD3 /* Pods.debug.xcconfig */ = {isa = PBXFileReference; includeInIndex = 1; lastKnownFileType = text.xcconfig; name = Pods.debug.xcconfig; path = "Pods/Target Support Files/Pods/Pods.debug.xcconfig"; sourceTree = "<group>"; };
		B120E4A71D673CA58FBC21D6 /* Pods.release.xcconfig */ = {isa = PBXFileReference; includeInIndex = 1; lastKnownFileType = text.xcconfig; name = Pods.release.xcconfig; path = "Pods/Target Support Files/Pods/Pods.release.xcconfig"; sourceTree = "<group>"; };
/* End PBXFileReference section */

/* Begin PBXFrameworksBuildPhase section */
		4A64978E1C68759D000173BC /* Frameworks */ = {
			isa = PBXFrameworksBuildPhase;
			buildActionMask = 2147483647;
			files = (
				DAA19DC0351F73362E48C2A1 /* libPods.a in Frameworks */,
			);
			runOnlyForDeploymentPostprocessing = 0;
		};
		4A6497A21C68759E000173BC /* Frameworks */ = {
			isa = PBXFrameworksBuildPhase;
			buildActionMask = 2147483647;
			files = (
			);
			runOnlyForDeploymentPostprocessing = 0;
		};
		4A6497AD1C68759E000173BC /* Frameworks */ = {
			isa = PBXFrameworksBuildPhase;
			buildActionMask = 2147483647;
			files = (
			);
			runOnlyForDeploymentPostprocessing = 0;
		};
/* End PBXFrameworksBuildPhase section */

/* Begin PBXGroup section */
		48E369AB4CE3CE98E75408D2 /* Pods */ = {
			isa = PBXGroup;
			children = (
				84916A9759B217CDA3F64BD3 /* Pods.debug.xcconfig */,
				B120E4A71D673CA58FBC21D6 /* Pods.release.xcconfig */,
			);
			name = Pods;
			sourceTree = "<group>";
		};
		4A223A5D1C6883A3007E9F7D /* Products */ = {
			isa = PBXGroup;
			children = (
				4A223A611C6883A4007E9F7D /* libPods.a */,
			);
			name = Products;
			sourceTree = "<group>";
		};
		4A6497881C68759D000173BC = {
			isa = PBXGroup;
			children = (
				4A223A5C1C6883A3007E9F7D /* Pods.xcodeproj */,
				4A223A5A1C688250007E9F7D /* opencv_test.xcworkspace */,
				4A6497931C68759D000173BC /* opencv_test */,
				4A6497A81C68759E000173BC /* opencv_testTests */,
				4A6497B31C68759E000173BC /* opencv_testUITests */,
				4A6497921C68759D000173BC /* Products */,
				48E369AB4CE3CE98E75408D2 /* Pods */,
				60B4242B43502B5BB4995425 /* Frameworks */,
			);
			sourceTree = "<group>";
		};
		4A6497921C68759D000173BC /* Products */ = {
			isa = PBXGroup;
			children = (
				4A6497911C68759D000173BC /* opencv_test.app */,
				4A6497A51C68759E000173BC /* opencv_testTests.xctest */,
				4A6497B01C68759E000173BC /* opencv_testUITests.xctest */,
			);
			name = Products;
			sourceTree = "<group>";
		};
		4A6497931C68759D000173BC /* opencv_test */ = {
			isa = PBXGroup;
			children = (
				4A6497941C68759D000173BC /* AppDelegate.swift */,
				4A6497961C68759D000173BC /* ViewController.swift */,
				4A223A581C6880AA007E9F7D /* Detector.mm */,
				4A6497981C68759D000173BC /* Main.storyboard */,
				4A223A551C687F98007E9F7D /* haarcascade_frontalface_alt.xml */,
				4A223A531C687E8D007E9F7D /* CameraUtil.swift */,
				4A64979B1C68759D000173BC /* Assets.xcassets */,
				4A64979D1C68759D000173BC /* LaunchScreen.storyboard */,
				4A6497A01C68759D000173BC /* Info.plist */,
				4A223A571C6880AA007E9F7D /* opencv_test-Bridging-Header.h */,
			);
			path = opencv_test;
			sourceTree = "<group>";
		};
		4A6497A81C68759E000173BC /* opencv_testTests */ = {
			isa = PBXGroup;
			children = (
				4A6497A91C68759E000173BC /* opencv_testTests.swift */,
				4A6497AB1C68759E000173BC /* Info.plist */,
			);
			path = opencv_testTests;
			sourceTree = "<group>";
		};
		4A6497B31C68759E000173BC /* opencv_testUITests */ = {
			isa = PBXGroup;
			children = (
				4A6497B41C68759E000173BC /* opencv_testUITests.swift */,
				4A6497B61C68759E000173BC /* Info.plist */,
			);
			path = opencv_testUITests;
			sourceTree = "<group>";
		};
		60B4242B43502B5BB4995425 /* Frameworks */ = {
			isa = PBXGroup;
			children = (
				25A2CB2B871001FCC2A6A0ED /* libPods.a */,
			);
			name = Frameworks;
			sourceTree = "<group>";
		};
/* End PBXGroup section */

/* Begin PBXNativeTarget section */
		4A6497901C68759D000173BC /* opencv_test */ = {
			isa = PBXNativeTarget;
			buildConfigurationList = 4A6497B91C68759E000173BC /* Build configuration list for PBXNativeTarget "opencv_test" */;
			buildPhases = (
				0D1837D35C7A11286F0C47D1 /* Check Pods Manifest.lock */,
				4A64978D1C68759D000173BC /* Sources */,
				4A64978E1C68759D000173BC /* Frameworks */,
				4A64978F1C68759D000173BC /* Resources */,
				0E4E1D461B7BAF04EC6B046D /* Embed Pods Frameworks */,
				A7DAEFEEED9B1B5E28C3372F /* Copy Pods Resources */,
			);
			buildRules = (
			);
			dependencies = (
			);
			name = opencv_test;
			productName = opencv_test;
			productReference = 4A6497911C68759D000173BC /* opencv_test.app */;
			productType = "com.apple.product-type.application";
		};
		4A6497A41C68759E000173BC /* opencv_testTests */ = {
			isa = PBXNativeTarget;
			buildConfigurationList = 4A6497BC1C68759E000173BC /* Build configuration list for PBXNativeTarget "opencv_testTests" */;
			buildPhases = (
				4A6497A11C68759E000173BC /* Sources */,
				4A6497A21C68759E000173BC /* Frameworks */,
				4A6497A31C68759E000173BC /* Resources */,
			);
			buildRules = (
			);
			dependencies = (
				4A6497A71C68759E000173BC /* PBXTargetDependency */,
			);
			name = opencv_testTests;
			productName = opencv_testTests;
			productReference = 4A6497A51C68759E000173BC /* opencv_testTests.xctest */;
			productType = "com.apple.product-type.bundle.unit-test";
		};
		4A6497AF1C68759E000173BC /* opencv_testUITests */ = {
			isa = PBXNativeTarget;
			buildConfigurationList = 4A6497BF1C68759E000173BC /* Build configuration list for PBXNativeTarget "opencv_testUITests" */;
			buildPhases = (
				4A6497AC1C68759E000173BC /* Sources */,
				4A6497AD1C68759E000173BC /* Frameworks */,
				4A6497AE1C68759E000173BC /* Resources */,
			);
			buildRules = (
			);
			dependencies = (
				4A6497B21C68759E000173BC /* PBXTargetDependency */,
			);
			name = opencv_testUITests;
			productName = opencv_testUITests;
			productReference = 4A6497B01C68759E000173BC /* opencv_testUITests.xctest */;
			productType = "com.apple.product-type.bundle.ui-testing";
		};
/* End PBXNativeTarget section */

/* Begin PBXProject section */
		4A6497891C68759D000173BC /* Project object */ = {
			isa = PBXProject;
			attributes = {
				LastSwiftUpdateCheck = 0700;
				LastUpgradeCheck = 0700;
				ORGANIZATIONNAME = "Yoshiyuki Yamane";
				TargetAttributes = {
					4A6497901C68759D000173BC = {
						CreatedOnToolsVersion = 7.0.1;
						DevelopmentTeam = 45SZUY85E2;
					};
					4A6497A41C68759E000173BC = {
						CreatedOnToolsVersion = 7.0.1;
						DevelopmentTeam = 45SZUY85E2;
						TestTargetID = 4A6497901C68759D000173BC;
					};
					4A6497AF1C68759E000173BC = {
						CreatedOnToolsVersion = 7.0.1;
						DevelopmentTeam = 45SZUY85E2;
						TestTargetID = 4A6497901C68759D000173BC;
					};
				};
			};
			buildConfigurationList = 4A64978C1C68759D000173BC /* Build configuration list for PBXProject "opencv_test" */;
			compatibilityVersion = "Xcode 3.2";
			developmentRegion = English;
			hasScannedForEncodings = 0;
			knownRegions = (
				en,
				Base,
			);
			mainGroup = 4A6497881C68759D000173BC;
			productRefGroup = 4A6497921C68759D000173BC /* Products */;
			projectDirPath = "";
			projectReferences = (
				{
					ProductGroup = 4A223A5D1C6883A3007E9F7D /* Products */;
					ProjectRef = 4A223A5C1C6883A3007E9F7D /* Pods.xcodeproj */;
				},
			);
			projectRoot = "";
			targets = (
				4A6497901C68759D000173BC /* opencv_test */,
				4A6497A41C68759E000173BC /* opencv_testTests */,
				4A6497AF1C68759E000173BC /* opencv_testUITests */,
			);
		};
/* End PBXProject section */

/* Begin PBXReferenceProxy section */
		4A223A611C6883A4007E9F7D /* libPods.a */ = {
			isa = PBXReferenceProxy;
			fileType = archive.ar;
			path = libPods.a;
			remoteRef = 4A223A601C6883A4007E9F7D /* PBXContainerItemProxy */;
			sourceTree = BUILT_PRODUCTS_DIR;
		};
/* End PBXReferenceProxy section */

/* Begin PBXResourcesBuildPhase section */
		4A64978F1C68759D000173BC /* Resources */ = {
			isa = PBXResourcesBuildPhase;
			buildActionMask = 2147483647;
			files = (
				4A64979F1C68759D000173BC /* LaunchScreen.storyboard in Resources */,
				4A64979C1C68759D000173BC /* Assets.xcassets in Resources */,
				4A223A5B1C688250007E9F7D /* opencv_test.xcworkspace in Resources */,
				4A223A561C687F98007E9F7D /* haarcascade_frontalface_alt.xml in Resources */,
				4A64979A1C68759D000173BC /* Main.storyboard in Resources */,
			);
			runOnlyForDeploymentPostprocessing = 0;
		};
		4A6497A31C68759E000173BC /* Resources */ = {
			isa = PBXResourcesBuildPhase;
			buildActionMask = 2147483647;
			files = (
			);
			runOnlyForDeploymentPostprocessing = 0;
		};
		4A6497AE1C68759E000173BC /* Resources */ = {
			isa = PBXResourcesBuildPhase;
			buildActionMask = 2147483647;
			files = (
			);
			runOnlyForDeploymentPostprocessing = 0;
		};
/* End PBXResourcesBuildPhase section */

/* Begin PBXShellScriptBuildPhase section */
		0D1837D35C7A11286F0C47D1 /* Check Pods Manifest.lock */ = {
			isa = PBXShellScriptBuildPhase;
			buildActionMask = 2147483647;
			files = (
			);
			inputPaths = (
			);
			name = "Check Pods Manifest.lock";
			outputPaths = (
			);
			runOnlyForDeploymentPostprocessing = 0;
			shellPath = /bin/sh;
			shellScript = "diff \"${PODS_ROOT}/../Podfile.lock\" \"${PODS_ROOT}/Manifest.lock\" > /dev/null\nif [[ $? != 0 ]] ; then\n    cat << EOM\nerror: The sandbox is not in sync with the Podfile.lock. Run 'pod install' or update your CocoaPods installation.\nEOM\n    exit 1\nfi\n";
			showEnvVarsInLog = 0;
		};
		0E4E1D461B7BAF04EC6B046D /* Embed Pods Frameworks */ = {
			isa = PBXShellScriptBuildPhase;
			buildActionMask = 2147483647;
			files = (
			);
			inputPaths = (
			);
			name = "Embed Pods Frameworks";
			outputPaths = (
			);
			runOnlyForDeploymentPostprocessing = 0;
			shellPath = /bin/sh;
			shellScript = "\"${SRCROOT}/Pods/Target Support Files/Pods/Pods-frameworks.sh\"\n";
			showEnvVarsInLog = 0;
		};
		A7DAEFEEED9B1B5E28C3372F /* Copy Pods Resources */ = {
			isa = PBXShellScriptBuildPhase;
			buildActionMask = 2147483647;
			files = (
			);
			inputPaths = (
			);
			name = "Copy Pods Resources";
			outputPaths = (
			);
			runOnlyForDeploymentPostprocessing = 0;
			shellPath = /bin/sh;
			shellScript = "\"${SRCROOT}/Pods/Target Support Files/Pods/Pods-resources.sh\"\n";
			showEnvVarsInLog = 0;
		};
/* End PBXShellScriptBuildPhase section */

/* Begin PBXSourcesBuildPhase section */
		4A64978D1C68759D000173BC /* Sources */ = {
			isa = PBXSourcesBuildPhase;
			buildActionMask = 2147483647;
			files = (
				4A223A541C687E8D007E9F7D /* CameraUtil.swift in Sources */,
				4A6497971C68759D000173BC /* ViewController.swift in Sources */,
				4A6497951C68759D000173BC /* AppDelegate.swift in Sources */,
				4A223A591C6880AA007E9F7D /* Detector.mm in Sources */,
			);
			runOnlyForDeploymentPostprocessing = 0;
		};
		4A6497A11C68759E000173BC /* Sources */ = {
			isa = PBXSourcesBuildPhase;
			buildActionMask = 2147483647;
			files = (
				4A6497AA1C68759E000173BC /* opencv_testTests.swift in Sources */,
			);
			runOnlyForDeploymentPostprocessing = 0;
		};
		4A6497AC1C68759E000173BC /* Sources */ = {
			isa = PBXSourcesBuildPhase;
			buildActionMask = 2147483647;
			files = (
				4A6497B51C68759E000173BC /* opencv_testUITests.swift in Sources */,
			);
			runOnlyForDeploymentPostprocessing = 0;
		};
/* End PBXSourcesBuildPhase section */

/* Begin PBXTargetDependency section */
		4A6497A71C68759E000173BC /* PBXTargetDependency */ = {
			isa = PBXTargetDependency;
			target = 4A6497901C68759D000173BC /* opencv_test */;
			targetProxy = 4A6497A61C68759E000173BC /* PBXContainerItemProxy */;
		};
		4A6497B21C68759E000173BC /* PBXTargetDependency */ = {
			isa = PBXTargetDependency;
			target = 4A6497901C68759D000173BC /* opencv_test */;
			targetProxy = 4A6497B11C68759E000173BC /* PBXContainerItemProxy */;
		};
/* End PBXTargetDependency section */

/* Begin PBXVariantGroup section */
		4A6497981C68759D000173BC /* Main.storyboard */ = {
			isa = PBXVariantGroup;
			children = (
				4A6497991C68759D000173BC /* Base */,
			);
			name = Main.storyboard;
			sourceTree = "<group>";
		};
		4A64979D1C68759D000173BC /* LaunchScreen.storyboard */ = {
			isa = PBXVariantGroup;
			children = (
				4A64979E1C68759D000173BC /* Base */,
			);
			name = LaunchScreen.storyboard;
			sourceTree = "<group>";
		};
/* End PBXVariantGroup section */

/* Begin XCBuildConfiguration section */
		4A6497B71C68759E000173BC /* Debug */ = {
			isa = XCBuildConfiguration;
			buildSettings = {
				ALWAYS_SEARCH_USER_PATHS = NO;
				CLANG_CXX_LANGUAGE_STANDARD = "gnu++0x";
				CLANG_CXX_LIBRARY = "libc++";
				CLANG_ENABLE_MODULES = YES;
				CLANG_ENABLE_OBJC_ARC = YES;
				CLANG_WARN_BOOL_CONVERSION = YES;
				CLANG_WARN_CONSTANT_CONVERSION = YES;
				CLANG_WARN_DIRECT_OBJC_ISA_USAGE = YES_ERROR;
				CLANG_WARN_EMPTY_BODY = YES;
				CLANG_WARN_ENUM_CONVERSION = YES;
				CLANG_WARN_INT_CONVERSION = YES;
				CLANG_WARN_OBJC_ROOT_CLASS = YES_ERROR;
				CLANG_WARN_UNREACHABLE_CODE = YES;
				CLANG_WARN__DUPLICATE_METHOD_MATCH = YES;
				"CODE_SIGN_IDENTITY[sdk=iphoneos*]" = "iPhone Developer";
				COPY_PHASE_STRIP = NO;
				DEBUG_INFORMATION_FORMAT = dwarf;
				ENABLE_STRICT_OBJC_MSGSEND = YES;
				ENABLE_TESTABILITY = YES;
				GCC_C_LANGUAGE_STANDARD = gnu99;
				GCC_DYNAMIC_NO_PIC = NO;
				GCC_NO_COMMON_BLOCKS = YES;
				GCC_OPTIMIZATION_LEVEL = 0;
				GCC_PREPROCESSOR_DEFINITIONS = (
					"DEBUG=1",
					"$(inherited)",
				);
				GCC_WARN_64_TO_32_BIT_CONVERSION = YES;
				GCC_WARN_ABOUT_RETURN_TYPE = YES_ERROR;
				GCC_WARN_UNDECLARED_SELECTOR = YES;
				GCC_WARN_UNINITIALIZED_AUTOS = YES_AGGRESSIVE;
				GCC_WARN_UNUSED_FUNCTION = YES;
				GCC_WARN_UNUSED_VARIABLE = YES;
				IPHONEOS_DEPLOYMENT_TARGET = 9.0;
				MTL_ENABLE_DEBUG_INFO = YES;
				ONLY_ACTIVE_ARCH = YES;
				SDKROOT = iphoneos;
				SWIFT_OPTIMIZATION_LEVEL = "-Onone";
			};
			name = Debug;
		};
		4A6497B81C68759E000173BC /* Release */ = {
			isa = XCBuildConfiguration;
			buildSettings = {
				ALWAYS_SEARCH_USER_PATHS = NO;
				CLANG_CXX_LANGUAGE_STANDARD = "gnu++0x";
				CLANG_CXX_LIBRARY = "libc++";
				CLANG_ENABLE_MODULES = YES;
				CLANG_ENABLE_OBJC_ARC = YES;
				CLANG_WARN_BOOL_CONVERSION = YES;
				CLANG_WARN_CONSTANT_CONVERSION = YES;
				CLANG_WARN_DIRECT_OBJC_ISA_USAGE = YES_ERROR;
				CLANG_WARN_EMPTY_BODY = YES;
				CLANG_WARN_ENUM_CONVERSION = YES;
				CLANG_WARN_INT_CONVERSION = YES;
				CLANG_WARN_OBJC_ROOT_CLASS = YES_ERROR;
				CLANG_WARN_UNREACHABLE_CODE = YES;
				CLANG_WARN__DUPLICATE_METHOD_MATCH = YES;
				"CODE_SIGN_IDENTITY[sdk=iphoneos*]" = "iPhone Developer";
				COPY_PHASE_STRIP = NO;
				DEBUG_INFORMATION_FORMAT = "dwarf-with-dsym";
				ENABLE_NS_ASSERTIONS = NO;
				ENABLE_STRICT_OBJC_MSGSEND = YES;
				GCC_C_LANGUAGE_STANDARD = gnu99;
				GCC_NO_COMMON_BLOCKS = YES;
				GCC_WARN_64_TO_32_BIT_CONVERSION = YES;
				GCC_WARN_ABOUT_RETURN_TYPE = YES_ERROR;
				GCC_WARN_UNDECLARED_SELECTOR = YES;
				GCC_WARN_UNINITIALIZED_AUTOS = YES_AGGRESSIVE;
				GCC_WARN_UNUSED_FUNCTION = YES;
				GCC_WARN_UNUSED_VARIABLE = YES;
				IPHONEOS_DEPLOYMENT_TARGET = 9.0;
				MTL_ENABLE_DEBUG_INFO = NO;
				SDKROOT = iphoneos;
				VALIDATE_PRODUCT = YES;
			};
			name = Release;
		};
		4A6497BA1C68759E000173BC /* Debug */ = {
			isa = XCBuildConfiguration;
			baseConfigurationReference = 84916A9759B217CDA3F64BD3 /* Pods.debug.xcconfig */;
			buildSettings = {
				ASSETCATALOG_COMPILER_APPICON_NAME = AppIcon;
				CLANG_ENABLE_MODULES = YES;
				ENABLE_BITCODE = NO;
				INFOPLIST_FILE = opencv_test/Info.plist;
				IPHONEOS_DEPLOYMENT_TARGET = 8.0;
				LD_RUNPATH_SEARCH_PATHS = "$(inherited) @executable_path/Frameworks";
				PRODUCT_BUNDLE_IDENTIFIER = "org.konome.lab.opencv-test";
				PRODUCT_NAME = "$(TARGET_NAME)";
				SWIFT_OBJC_BRIDGING_HEADER = "opencv_test/opencv_test-Bridging-Header.h";
				SWIFT_OPTIMIZATION_LEVEL = "-Onone";
			};
			name = Debug;
		};
		4A6497BB1C68759E000173BC /* Release */ = {
			isa = XCBuildConfiguration;
			baseConfigurationReference = B120E4A71D673CA58FBC21D6 /* Pods.release.xcconfig */;
			buildSettings = {
				ASSETCATALOG_COMPILER_APPICON_NAME = AppIcon;
				CLANG_ENABLE_MODULES = YES;
				ENABLE_BITCODE = NO;
				INFOPLIST_FILE = opencv_test/Info.plist;
				IPHONEOS_DEPLOYMENT_TARGET = 8.0;
				LD_RUNPATH_SEARCH_PATHS = "$(inherited) @executable_path/Frameworks";
				PRODUCT_BUNDLE_IDENTIFIER = "org.konome.lab.opencv-test";
				PRODUCT_NAME = "$(TARGET_NAME)";
				SWIFT_OBJC_BRIDGING_HEADER = "opencv_test/opencv_test-Bridging-Header.h";
			};
			name = Release;
		};
		4A6497BD1C68759E000173BC /* Debug */ = {
			isa = XCBuildConfiguration;
			buildSettings = {
				BUNDLE_LOADER = "$(TEST_HOST)";
				INFOPLIST_FILE = opencv_testTests/Info.plist;
				LD_RUNPATH_SEARCH_PATHS = "$(inherited) @executable_path/Frameworks @loader_path/Frameworks";
				PRODUCT_BUNDLE_IDENTIFIER = "org.konome.lab.opencv-testTests";
				PRODUCT_NAME = "$(TARGET_NAME)";
				TEST_HOST = "$(BUILT_PRODUCTS_DIR)/opencv_test.app/opencv_test";
			};
			name = Debug;
		};
		4A6497BE1C68759E000173BC /* Release */ = {
			isa = XCBuildConfiguration;
			buildSettings = {
				BUNDLE_LOADER = "$(TEST_HOST)";
				INFOPLIST_FILE = opencv_testTests/Info.plist;
				LD_RUNPATH_SEARCH_PATHS = "$(inherited) @executable_path/Frameworks @loader_path/Frameworks";
				PRODUCT_BUNDLE_IDENTIFIER = "org.konome.lab.opencv-testTests";
				PRODUCT_NAME = "$(TARGET_NAME)";
				TEST_HOST = "$(BUILT_PRODUCTS_DIR)/opencv_test.app/opencv_test";
			};
			name = Release;
		};
		4A6497C01C68759E000173BC /* Debug */ = {
			isa = XCBuildConfiguration;
			buildSettings = {
				INFOPLIST_FILE = opencv_testUITests/Info.plist;
				LD_RUNPATH_SEARCH_PATHS = "$(inherited) @executable_path/Frameworks @loader_path/Frameworks";
				PRODUCT_BUNDLE_IDENTIFIER = "org.konome.lab.opencv-testUITests";
				PRODUCT_NAME = "$(TARGET_NAME)";
				TEST_TARGET_NAME = opencv_test;
				USES_XCTRUNNER = YES;
			};
			name = Debug;
		};
		4A6497C11C68759E000173BC /* Release */ = {
			isa = XCBuildConfiguration;
			buildSettings = {
				INFOPLIST_FILE = opencv_testUITests/Info.plist;
				LD_RUNPATH_SEARCH_PATHS = "$(inherited) @executable_path/Frameworks @loader_path/Frameworks";
				PRODUCT_BUNDLE_IDENTIFIER = "org.konome.lab.opencv-testUITests";
				PRODUCT_NAME = "$(TARGET_NAME)";
				TEST_TARGET_NAME = opencv_test;
				USES_XCTRUNNER = YES;
			};
			name = Release;
		};
/* End XCBuildConfiguration section */

/* Begin XCConfigurationList section */
		4A64978C1C68759D000173BC /* Build configuration list for PBXProject "opencv_test" */ = {
			isa = XCConfigurationList;
			buildConfigurations = (
				4A6497B71C68759E000173BC /* Debug */,
				4A6497B81C68759E000173BC /* Release */,
			);
			defaultConfigurationIsVisible = 0;
			defaultConfigurationName = Release;
		};
		4A6497B91C68759E000173BC /* Build configuration list for PBXNativeTarget "opencv_test" */ = {
			isa = XCConfigurationList;
			buildConfigurations = (
				4A6497BA1C68759E000173BC /* Debug */,
				4A6497BB1C68759E000173BC /* Release */,
			);
			defaultConfigurationIsVisible = 0;
			defaultConfigurationName = Release;
		};
		4A6497BC1C68759E000173BC /* Build configuration list for PBXNativeTarget "opencv_testTests" */ = {
			isa = XCConfigurationList;
			buildConfigurations = (
				4A6497BD1C68759E000173BC /* Debug */,
				4A6497BE1C68759E000173BC /* Release */,
			);
			defaultConfigurationIsVisible = 0;
			defaultConfigurationName = Release;
		};
		4A6497BF1C68759E000173BC /* Build configuration list for PBXNativeTarget "opencv_testUITests" */ = {
			isa = XCConfigurationList;
			buildConfigurations = (
				4A6497C01C68759E000173BC /* Debug */,
				4A6497C11C68759E000173BC /* Release */,
			);
			defaultConfigurationIsVisible = 0;
			defaultConfigurationName = Release;
		};
/* End XCConfigurationList section */
	};
	rootObject = 4A6497891C68759D000173BC /* Project object */;
}
